
Microsoft Visual Studio Solution File, Format Version 12.00
# Visual Studio Version 16
VisualStudioVersion = 16.0.29215.179
MinimumVisualStudioVersion = 10.0.40219.1
Project("{FAE04EC0-301F-11D3-BF4B-00C04F79EFBC}") = "OnDijon.Android", "OnDijon\OnDijon.Android\OnDijon.Android.csproj", "{F63284DE-1828-4B28-8D41-A786B4823A52}"
EndProject
Project("{FAE04EC0-301F-11D3-BF4B-00C04F79EFBC}") = "OnDijon.iOS", "OnDijon\OnDijon.iOS\OnDijon.iOS.csproj", "{08734B3D-3810-4BE3-AE98-A713D822316A}"
EndProject
Project("{9A19103F-16F7-4668-BE54-9A1E7A4F7556}") = "OnDijon", "OnDijon\OnDijon\OnDijon.csproj", "{08C765D3-87A8-4D2B-8F46-3FCEA795DAB5}"
EndProject
Global
	GlobalSection(SolutionConfigurationPlatforms) = preSolution
		Debug|Any CPU = Debug|Any CPU
		Debug|iPhone = Debug|iPhone
		Debug|iPhoneSimulator = Debug|iPhoneSimulator
		Debug|x64 = Debug|x64
		Release|Any CPU = Release|Any CPU
		Release|iPhone = Release|iPhone
		Release|iPhoneSimulator = Release|iPhoneSimulator
		Release|x64 = Release|x64
		Staging|Any CPU = Staging|Any CPU
		Staging|iPhone = Staging|iPhone
		Staging|iPhoneSimulator = Staging|iPhoneSimulator
		Staging|x64 = Staging|x64
	EndGlobalSection
	GlobalSection(ProjectConfigurationPlatforms) = postSolution
		{F63284DE-1828-4B28-8D41-A786B4823A52}.Debug|Any CPU.ActiveCfg = Debug|Any CPU
		{F63284DE-1828-4B28-8D41-A786B4823A52}.Debug|Any CPU.Build.0 = Debug|Any CPU
		{F63284DE-1828-4B28-8D41-A786B4823A52}.Debug|Any CPU.Deploy.0 = Debug|Any CPU
		{F63284DE-1828-4B28-8D41-A786B4823A52}.Debug|iPhone.ActiveCfg = Debug|Any CPU
		{F63284DE-1828-4B28-8D41-A786B4823A52}.Debug|iPhone.Build.0 = Debug|Any CPU
		{F63284DE-1828-4B28-8D41-A786B4823A52}.Debug|iPhone.Deploy.0 = Debug|Any CPU
		{F63284DE-1828-4B28-8D41-A786B4823A52}.Debug|iPhoneSimulator.ActiveCfg = Debug|Any CPU
		{F63284DE-1828-4B28-8D41-A786B4823A52}.Debug|iPhoneSimulator.Build.0 = Debug|Any CPU
		{F63284DE-1828-4B28-8D41-A786B4823A52}.Debug|iPhoneSimulator.Deploy.0 = Debug|Any CPU
		{F63284DE-1828-4B28-8D41-A786B4823A52}.Debug|x64.ActiveCfg = Debug|x64
		{F63284DE-1828-4B28-8D41-A786B4823A52}.Debug|x64.Build.0 = Debug|x64
		{F63284DE-1828-4B28-8D41-A786B4823A52}.Debug|x64.Deploy.0 = Debug|x64
		{F63284DE-1828-4B28-8D41-A786B4823A52}.Release|Any CPU.ActiveCfg = Release|Any CPU
		{F63284DE-1828-4B28-8D41-A786B4823A52}.Release|Any CPU.Build.0 = Release|Any CPU
		{F63284DE-1828-4B28-8D41-A786B4823A52}.Release|Any CPU.Deploy.0 = Release|Any CPU
		{F63284DE-1828-4B28-8D41-A786B4823A52}.Release|iPhone.ActiveCfg = Release|Any CPU
		{F63284DE-1828-4B28-8D41-A786B4823A52}.Release|iPhone.Build.0 = Release|Any CPU
		{F63284DE-1828-4B28-8D41-A786B4823A52}.Release|iPhone.Deploy.0 = Release|Any CPU
		{F63284DE-1828-4B28-8D41-A786B4823A52}.Release|iPhoneSimulator.ActiveCfg = Release|Any CPU
		{F63284DE-1828-4B28-8D41-A786B4823A52}.Release|iPhoneSimulator.Build.0 = Release|Any CPU
		{F63284DE-1828-4B28-8D41-A786B4823A52}.Release|iPhoneSimulator.Deploy.0 = Release|Any CPU
		{F63284DE-1828-4B28-8D41-A786B4823A52}.Release|x64.ActiveCfg = Release|x64
		{F63284DE-1828-4B28-8D41-A786B4823A52}.Release|x64.Build.0 = Release|x64
		{F63284DE-1828-4B28-8D41-A786B4823A52}.Release|x64.Deploy.0 = Release|x64
		{F63284DE-1828-4B28-8D41-A786B4823A52}.Staging|Any CPU.ActiveCfg = Staging|Any CPU
		{F63284DE-1828-4B28-8D41-A786B4823A52}.Staging|Any CPU.Build.0 = Staging|Any CPU
		{F63284DE-1828-4B28-8D41-A786B4823A52}.Staging|Any CPU.Deploy.0 = Staging|Any CPU
		{F63284DE-1828-4B28-8D41-A786B4823A52}.Staging|iPhone.ActiveCfg = Staging|Any CPU
		{F63284DE-1828-4B28-8D41-A786B4823A52}.Staging|iPhone.Build.0 = Staging|Any CPU
		{F63284DE-1828-4B28-8D41-A786B4823A52}.Staging|iPhone.Deploy.0 = Staging|Any CPU
		{F63284DE-1828-4B28-8D41-A786B4823A52}.Staging|iPhoneSimulator.ActiveCfg = Staging|Any CPU
		{F63284DE-1828-4B28-8D41-A786B4823A52}.Staging|iPhoneSimulator.Build.0 = Staging|Any CPU
		{F63284DE-1828-4B28-8D41-A786B4823A52}.Staging|iPhoneSimulator.Deploy.0 = Staging|Any CPU
		{F63284DE-1828-4B28-8D41-A786B4823A52}.Staging|x64.ActiveCfg = Staging|x64
		{F63284DE-1828-4B28-8D41-A786B4823A52}.Staging|x64.Build.0 = Staging|x64
		{F63284DE-1828-4B28-8D41-A786B4823A52}.Staging|x64.Deploy.0 = Staging|x64
		{08734B3D-3810-4BE3-AE98-A713D822316A}.Debug|Any CPU.ActiveCfg = Debug|iPhoneSimulator
		{08734B3D-3810-4BE3-AE98-A713D822316A}.Debug|Any CPU.Build.0 = Debug|iPhoneSimulator
		{08734B3D-3810-4BE3-AE98-A713D822316A}.Debug|Any CPU.Deploy.0 = Debug|iPhoneSimulator
		{08734B3D-3810-4BE3-AE98-A713D822316A}.Debug|iPhone.ActiveCfg = Debug|iPhone
		{08734B3D-3810-4BE3-AE98-A713D822316A}.Debug|iPhone.Build.0 = Debug|iPhone
		{08734B3D-3810-4BE3-AE98-A713D822316A}.Debug|iPhone.Deploy.0 = Debug|iPhone
		{08734B3D-3810-4BE3-AE98-A713D822316A}.Debug|iPhoneSimulator.ActiveCfg = Debug|iPhoneSimulator
		{08734B3D-3810-4BE3-AE98-A713D822316A}.Debug|iPhoneSimulator.Build.0 = Debug|iPhoneSimulator
		{08734B3D-3810-4BE3-AE98-A713D822316A}.Debug|iPhoneSimulator.Deploy.0 = Debug|iPhoneSimulator
		{08734B3D-3810-4BE3-AE98-A713D822316A}.Debug|x64.ActiveCfg = Debug|iPhone
		{08734B3D-3810-4BE3-AE98-A713D822316A}.Release|Any CPU.ActiveCfg = Release|iPhone
		{08734B3D-3810-4BE3-AE98-A713D822316A}.Release|Any CPU.Build.0 = Release|iPhone
		{08734B3D-3810-4BE3-AE98-A713D822316A}.Release|Any CPU.Deploy.0 = Release|iPhone
		{08734B3D-3810-4BE3-AE98-A713D822316A}.Release|iPhone.ActiveCfg = Release|iPhone
		{08734B3D-3810-4BE3-AE98-A713D822316A}.Release|iPhone.Build.0 = Release|iPhone
		{08734B3D-3810-4BE3-AE98-A713D822316A}.Release|iPhone.Deploy.0 = Release|iPhone
		{08734B3D-3810-4BE3-AE98-A713D822316A}.Release|iPhoneSimulator.ActiveCfg = Release|iPhoneSimulator
		{08734B3D-3810-4BE3-AE98-A713D822316A}.Release|iPhoneSimulator.Build.0 = Release|iPhoneSimulator
		{08734B3D-3810-4BE3-AE98-A713D822316A}.Release|iPhoneSimulator.Deploy.0 = Release|iPhoneSimulator
		{08734B3D-3810-4BE3-AE98-A713D822316A}.Release|x64.ActiveCfg = Release|iPhoneSimulator
		{08734B3D-3810-4BE3-AE98-A713D822316A}.Staging|Any CPU.ActiveCfg = Staging|iPhoneSimulator
		{08734B3D-3810-4BE3-AE98-A713D822316A}.Staging|iPhone.ActiveCfg = Staging|iPhone
		{08734B3D-3810-4BE3-AE98-A713D822316A}.Staging|iPhone.Build.0 = Staging|iPhone
		{08734B3D-3810-4BE3-AE98-A713D822316A}.Staging|iPhoneSimulator.ActiveCfg = Staging|iPhoneSimulator
		{08734B3D-3810-4BE3-AE98-A713D822316A}.Staging|iPhoneSimulator.Build.0 = Staging|iPhoneSimulator
		{08734B3D-3810-4BE3-AE98-A713D822316A}.Staging|x64.ActiveCfg = Staging|iPhoneSimulator
		{08C765D3-87A8-4D2B-8F46-3FCEA795DAB5}.Debug|Any CPU.ActiveCfg = Debug|Any CPU
		{08C765D3-87A8-4D2B-8F46-3FCEA795DAB5}.Debug|Any CPU.Build.0 = Debug|Any CPU
		{08C765D3-87A8-4D2B-8F46-3FCEA795DAB5}.Debug|Any CPU.Deploy.0 = Debug|Any CPU
		{08C765D3-87A8-4D2B-8F46-3FCEA795DAB5}.Debug|iPhone.ActiveCfg = Debug|Any CPU
		{08C765D3-87A8-4D2B-8F46-3FCEA795DAB5}.Debug|iPhone.Build.0 = Debug|Any CPU
		{08C765D3-87A8-4D2B-8F46-3FCEA795DAB5}.Debug|iPhone.Deploy.0 = Debug|Any CPU
		{08C765D3-87A8-4D2B-8F46-3FCEA795DAB5}.Debug|iPhoneSimulator.ActiveCfg = Debug|Any CPU
		{08C765D3-87A8-4D2B-8F46-3FCEA795DAB5}.Debug|iPhoneSimulator.Build.0 = Debug|Any CPU
		{08C765D3-87A8-4D2B-8F46-3FCEA795DAB5}.Debug|iPhoneSimulator.Deploy.0 = Debug|Any CPU
		{08C765D3-87A8-4D2B-8F46-3FCEA795DAB5}.Debug|x64.ActiveCfg = Debug|Any CPU
		{08C765D3-87A8-4D2B-8F46-3FCEA795DAB5}.Debug|x64.Build.0 = Debug|Any CPU
		{08C765D3-87A8-4D2B-8F46-3FCEA795DAB5}.Release|Any CPU.ActiveCfg = Release|Any CPU
		{08C765D3-87A8-4D2B-8F46-3FCEA795DAB5}.Release|Any CPU.Build.0 = Release|Any CPU
		{08C765D3-87A8-4D2B-8F46-3FCEA795DAB5}.Release|Any CPU.Deploy.0 = Release|Any CPU
		{08C765D3-87A8-4D2B-8F46-3FCEA795DAB5}.Release|iPhone.ActiveCfg = Release|Any CPU
		{08C765D3-87A8-4D2B-8F46-3FCEA795DAB5}.Release|iPhone.Build.0 = Release|Any CPU
		{08C765D3-87A8-4D2B-8F46-3FCEA795DAB5}.Release|iPhone.Deploy.0 = Release|Any CPU
		{08C765D3-87A8-4D2B-8F46-3FCEA795DAB5}.Release|iPhoneSimulator.ActiveCfg = Release|Any CPU
		{08C765D3-87A8-4D2B-8F46-3FCEA795DAB5}.Release|iPhoneSimulator.Build.0 = Release|Any CPU
		{08C765D3-87A8-4D2B-8F46-3FCEA795DAB5}.Release|iPhoneSimulator.Deploy.0 = Release|Any CPU
		{08C765D3-87A8-4D2B-8F46-3FCEA795DAB5}.Release|x64.ActiveCfg = Release|Any CPU
		{08C765D3-87A8-4D2B-8F46-3FCEA795DAB5}.Release|x64.Build.0 = Release|Any CPU
		{08C765D3-87A8-4D2B-8F46-3FCEA795DAB5}.Staging|Any CPU.ActiveCfg = Staging|Any CPU
		{08C765D3-87A8-4D2B-8F46-3FCEA795DAB5}.Staging|Any CPU.Build.0 = Staging|Any CPU
		{08C765D3-87A8-4D2B-8F46-3FCEA795DAB5}.Staging|iPhone.ActiveCfg = Staging|Any CPU
		{08C765D3-87A8-4D2B-8F46-3FCEA795DAB5}.Staging|iPhone.Build.0 = Staging|Any CPU
		{08C765D3-87A8-4D2B-8F46-3FCEA795DAB5}.Staging|iPhoneSimulator.ActiveCfg = Staging|Any CPU
		{08C765D3-87A8-4D2B-8F46-3FCEA795DAB5}.Staging|iPhoneSimulator.Build.0 = Staging|Any CPU
		{08C765D3-87A8-4D2B-8F46-3FCEA795DAB5}.Staging|x64.ActiveCfg = Staging|Any CPU
		{08C765D3-87A8-4D2B-8F46-3FCEA795DAB5}.Staging|x64.Build.0 = Staging|Any CPU
	EndGlobalSection
	GlobalSection(SolutionProperties) = preSolution
		HideSolutionNode = FALSE
	EndGlobalSection
	GlobalSection(ExtensibilityGlobals) = postSolution
		SolutionGuid = {CAE248DF-9AFF-45E9-A910-EE256EB4BCC3}
	EndGlobalSection
EndGlobal
